lockfileVersion: '9.0'

settings:
  autoInstallPeers: true
  excludeLinksFromLockfile: false

importers:

  .:
    dependencies:
      '@spotify/web-api-ts-sdk':
        specifier: ^1.2.0
        version: 1.2.0
      bootstrap:
        specifier: 5.3.1
        version: 5.3.1(@popperjs/core@2.11.8)
      file-saver:
        specifier: ^2.0.5
        version: 2.0.5
      lodash:
        specifier: ^4.18.1
        version: 4.18.1
      react:
        specifier: ^19.2.7
        version: 19.2.7
      react-bootstrap:
        specifier: 2.8.0
        version: 2.8.0(@types/react@19.2.17)(react-dom@19.2.7(react@19.2.7))(react@19.2.7)
      react-dom:
        specifier: ^19.2.7
        version: 19.2.7(react@19.2.7)
      react-toastify:
        specifier: ^11.1.0
        version: 11.1.0(react-dom@19.2.7(react@19.2.7))(react@19.2.7)
    devDependencies:
      '@types/confusing-browser-globals':
        specifier: ^1.0.3
        version: 1.0.3
      '@types/file-saver':
        specifier: ^2.0.7
        version: 2.0.7
      '@types/lodash':
        specifier: ^4.17.24
        version: 4.17.24
      '@types/react':
        specifier: ^19.2.17
        version: 19.2.17
      '@types/react-bootstrap':
        specifier: ^0.32.37
        version: 0.32.37
      '@types/react-dom':
        specifier: ^19.2.3
        version: 19.2.3(@types/react@19.2.17)
      '@vitejs/plugin-react':
        specifier: ^6.0.2
        version: 6.0.2(vite@8.0.16)
      confusing-browser-globals:
        specifier: ^1.0.11
        version: 1.0.11
      oxfmt:
        specifier: ^0.53.0
        version: 0.53.0
      oxlint:
        specifier: ^1.68.0
        version: 1.68.0(oxlint-tsgolint@0.23.0)
      oxlint-tsgolint:
        specifier: ^0.23.0
        version: 0.23.0
      vite:
        specifier: ^8.0.16
        version: 8.0.16

packages:

  '@babel/runtime@7.29.2':
    resolution: {integrity: sha512-JiDShH45zKHWyGe4ZNVRrCjBz8Nh9TMmZG1kh4QTK8hCBTWBi8Da+i7s1fJw7/lYpM4ccepSNfqzZ/QvABBi5g==}
    engines: {node: '>=6.9.0'}

  '@emnapi/core@1.10.0':
    resolution: {integrity: sha512-yq6OkJ4p82CAfPl0u9mQebQHKPJkY7WrIuk205cTYnYe+k2Z8YBh11FrbRG/H6ihirqcacOgl2BIO8oyMQLeXw==}

  '@emnapi/runtime@1.10.0':
    resolution: {integrity: sha512-ewvYlk86xUoGI0zQRNq/mC+16R1QeDlKQy21Ki3oSYXNgLb45GV1P6A0M+/s6nyCuNDqe5VpaY84BzXGwVbwFA==}

  '@emnapi/wasi-threads@1.2.1':
    resolution: {integrity: sha512-uTII7OYF+/Mes/MrcIOYp5yOtSMLBWSIoLPpcgwipoiKbli6k322tcoFsxoIIxPDqW01SQGAgko4EzZi2BNv2w==}

  '@internationalized/date@3.12.1':
    resolution: {integrity: sha512-6IedsVWXyq4P9Tj+TxuU8WGWM70hYLl12nbYU8jkikVpa6WXapFazPUcHUMDMoWftIDE2ILDkFFte6W2nFCkRQ==}

  '@internationalized/number@3.6.6':
    resolution: {integrity: sha512-iFgmQaXHE0vytNfpLZWOC2mEJCBRzcUxt53Xf/yCXG93lRvqas237i3r7X4RKMwO3txiyZD4mQjKAByFv6UGSQ==}

  '@internationalized/string@3.2.8':
    resolution: {integrity: sha512-NdbMQUSfXLYIQol5VyMtinm9pZDciiMfN7RtmSuSB78io1hqwJ0naYfxyW6vgxWBkzWymQa/3uLDlbfmshtCaA==}

  '@napi-rs/wasm-runtime@1.1.4':
    resolution: {integrity: sha512-3NQNNgA1YSlJb/kMH1ildASP9HW7/7kYnRI2szWJaofaS1hWmbGI4H+d3+22aGzXXN9IJ+n+GiFVcGipJP18ow==}
    peerDependencies:
      '@emnapi/core': ^1.7.1
      '@emnapi/runtime': ^1.7.1

  '@oxc-project/types@0.133.0':
    resolution: {integrity: sha512-KzkdCd6Uxqnf6l3HOw1xfatAlUURA0g14cvBYFyJ5SaNOQbOUvBr9PKArcPcrNIeRsBdgcUzOGrhKveVpvOIGA==}

  '@oxfmt/binding-android-arm-eabi@0.53.0':
    resolution: {integrity: sha512-XfVM8AmIovBTKXCt14Op5wbfcoM8418nttd+nhMgM3RAVaJg1MtJc73FyWfUt0oxLyBGVwfniNVUsbV/b3VmPg==}
    engines: {node: ^20.19.0 || >=22.12.0}
    cpu: [arm]
    os: [android]

  '@oxfmt/binding-android-arm64@0.53.0':
    resolution: {integrity: sha512-btHDfXckwdf9zgyAVznfZkf+GVyB0I1m1hlvaOMRx2xoyz3hphfPX97s89J3wfCN8QBETLtk4lQUaeOkrMuQOg==}
    engines: {node: ^20.19.0 || >=22.12.0}
    cpu: [arm64]
    os: [android]

  '@oxfmt/binding-darwin-arm64@0.53.0':
    resolution: {integrity: sha512-k2RjMcSTkHjoOlsVGbL35JVzXL+oQco3GHPl/5kjebVF4oHNfE24In8F5isqBh9LBJucycWHKDXdGrCchdWcHQ==}
    engines: {node: ^20.19.0 || >=22.12.0}
    cpu: [arm64]
    os: [darwin]

  '@oxfmt/binding-darwin-x64@0.53.0':
    resolution: {integrity: sha512-65jIBE2H1l5SSs16fmv6/7b6sAx/WpvnsgDhVWK9qSjNFDUro7MPQ6q5UhpY7kl46yltfR046iAnxy/Bzqbiew==}
    engines: {node: ^20.19.0 || >=22.12.0}
    cpu: [x64]
    os: [darwin]

  '@oxfmt/binding-freebsd-x64@0.53.0':
    resolution: {integrity: sha512-oYe1gkz7U49PCYrS9147d2fJZj8mDI4Di6AvlsU5fu9p+Tq8S7qqOMSZjUiVTLX8bXuSA9Lk/tIxuegVjkNYRA==}
    engines: {node: ^20.19.0 || >=22.12.0}
    cpu: [x64]
    os: [freebsd]

  '@oxfmt/binding-linux-arm-gnueabihf@0.53.0':
    resolution: {integrity: sha512-ailB2vLzGi629tymdAb2VYJyEHref7oqGxP+tRBrtRBxQrb6NV55JMT7xtGZ8uTeG2+Y9zojqW4LhJYxQnz9Pg==}
    engines: {node: ^20.19.0 || >=22.12.0}
    cpu: [arm]
    os: [linux]

  '@oxfmt/binding-linux-arm-musleabihf@0.53.0':
    resolution: {integrity: sha512-abh4mWBvOvD966sobqF7r103y2yYx7Rb4WGHLOS4+5igGqLbbPxS9aK5+45D6iUY7dWMsk3Muz9a8gUtufvqJA==}
    engines: {node: ^20.19.0 || >=22.12.0}
    cpu: [arm]
    os: [linux]

  '@oxfmt/binding-linux-arm64-gnu@0.53.0':
    resolution: {integrity: sha512-z73PvuhJ8qA+cDbaiqbtopHglA91U4+y5wn2sTJJrnpB957d5P33FEuyP3DQIFd7ofljmDmfVT4G0CVGHZaJWg==}
    engines: {node: ^20.19.0 || >=22.12.0}
    cpu: [arm64]
    os: [linux]
    libc: [glibc]

  '@oxfmt/binding-linux-arm64-musl@0.53.0':
    resolution: {integrity: sha512-I6bhOTroqc3ThrwZ89l2k3ivKuELhdPLbAcJhRNyjWvlgwb0vjRgEnVL1XLx5Jud04/ypNRZBykAWrSk6l/D+g==}
    engines: {node: ^20.19.0 || >=22.12.0}
    cpu: [arm64]
    os: [linux]
    libc: [musl]

  '@oxfmt/binding-linux-ppc64-gnu@0.53.0':
    resolution: {integrity: sha512-w0p3JzB/PkkQjXALMJMqP9YfP3yq4w6zGsu5kezQmUnxRkN3b/Theg2l/nDgBsOcczxS3gL6Gam5XNAVrO6QJQ==}
    engines: {node: ^20.19.0 || >=22.12.0}
    cpu: [ppc64]
    os: [linux]
    libc: [glibc]

  '@oxfmt/binding-linux-riscv64-gnu@0.53.0':
    resolution: {integrity: sha512-mzBhF6k1Yq1K/dqDmVe/AAafnlJfEpx7yfUiksyeWXJk5iSzZqBSxcsa02zIytYgQFRZ7h6WPZfwHg/DoOE1Kw==}
    engines: {node: ^20.19.0 || >=22.12.0}
    cpu: [riscv64]
    os: [linux]
    libc: [glibc]

  '@oxfmt/binding-linux-riscv64-musl@0.53.0':
    resolution: {integrity: sha512-AlFCpnRQhogQFzZXWbO6xB6/Udy745L+eQNmDPGg7G/OeWsYmJc4jZYfUN5pQg0reOPWSED2mOQqKZOJM1U8cA==}
    engines: {node: ^20.19.0 || >=22.12.0}
    cpu: [riscv64]
    os: [linux]
    libc: [musl]

  '@oxfmt/binding-linux-s390x-gnu@0.53.0':
    resolution: {integrity: sha512-XD4ulY4f1DWbuuZXAqxhVn+gdPmrhnmojWtFN78ctVoupmS845fGhsUrk1HZXKQI+iymbaiz9vAjPsghHNQ7Ag==}
    engines: {node: ^20.19.0 || >=22.12.0}
    cpu: [s390x]
    os: [linux]
    libc: [glibc]

  '@oxfmt/binding-linux-x64-gnu@0.53.0':
    resolution: {integrity: sha512-xg8KWX0QnxmYWRe60CgHYWXI0ZOtBbqTsXvWiWrcl2XUHJ3fht2QerOk2iWvylzX3zNT2GpvBRxGoR4d3sxPRQ==}
    engines: {node: ^20.19.0 || >=22.12.0}
    cpu: [x64]
    os: [linux]
    libc: [glibc]

  '@oxfmt/binding-linux-x64-musl@0.53.0':
    resolution: {integrity: sha512-MWExpYBGvl+pIvVB/gj/CcWlN2al8AizT7rUbtaYaWNoQkhWARM6W3qpgoCr72CYSN9PborzPmM5MIRe2BrNdA==}
    engines: {node: ^20.19.0 || >=22.12.0}
    cpu: [x64]
    os: [linux]
    libc: [musl]

  '@oxfmt/binding-openharmony-arm64@0.53.0':
    resolution: {integrity: sha512-u4sajgO4nxgmJIgc/y2AqPhkdbOkQH8WugXpA1+pW0ESQhvGZ1oGq61Q4xMbJHJU1hFgtO18QNrcFYDPYH0gwQ==}
    engines: {node: ^20.19.0 || >=22.12.0}
    cpu: [arm64]
    os: [openharmony]

  '@oxfmt/binding-win32-arm64-msvc@0.53.0':
    resolution: {integrity: sha512-Yq9sOZoIOJ5xPjO0qOyHJS4CiPuTkB2en9auxZz7Ar2p5RaC7BzLyVVmAA7zz9/L9YnjjY1DwNxN+ivKXimN/A==}
    engines: {node: ^20.19.0 || >=22.12.0}
    cpu: [arm64]
    os: [win32]

  '@oxfmt/binding-win32-ia32-msvc@0.53.0':
    resolution: {integrity: sha512-es1fVNZEkBqEcQtBpn19SYFgZF7FawlkCjkT/iImfEAus4gun8fBwB1E9hpV5LcR9B0DBNvRIXhW8BQk3JaE+Q==}
    engines: {node: ^20.19.0 || >=22.12.0}
    cpu: [ia32]
    os: [win32]

  '@oxfmt/binding-win32-x64-msvc@0.53.0':
    resolution: {integrity: sha512-QFmJs2bEu9AO4O6qsmEaZNGi6dFq8N+rT8EHAAnZIq/B9SeJDUbc4DzVxQ48MfDsL7D3sCZzo37zuTuspcURgg==}
    engines: {node: ^20.19.0 || >=22.12.0}
    cpu: [x64]
    os: [win32]

  '@oxlint-tsgolint/darwin-arm64@0.23.0':
    resolution: {integrity: sha512-gOs9PVr2wEg4ox9z0aJo+RKhhImW86YL5N6yav8BK/rgPsIrwN/igSZ+pbRr723NFvUNKde9fgMhRA6JrXAOZw==}
    cpu: [arm64]
    os: [darwin]

  '@oxlint-tsgolint/darwin-x64@0.23.0':
    resolution: {integrity: sha512-kjJ8B+7n4tB9VJdxS5A9GdJt6/bYpzbu4lXp2uO1S3sRmCB5gDEABlGoiePNApRWaW+xqL4b4xgiE727jSLhuA==}
    cpu: [x64]
    os: [darwin]

  '@oxlint-tsgolint/linux-arm64@0.23.0':
    resolution: {integrity: sha512-6dCZuKNu135seMXilkRk9SpCx6i1XgmiipYGalLij5WVRX6ZYS8c4xI7preN/zv9fCXhsQclTIMDu2Y/cytTjw==}
    cpu: [arm64]
    os: [linux]

  '@oxlint-tsgolint/linux-x64@0.23.0':
    resolution: {integrity: sha512-3bdilnyA7kmSTjK27rvjIjSxL5SIg3wt7vwNiRkouWB83ytssyKnuGvxSYJxgMEmFpSutzaBzcCUM2jDtPGcgA==}
    cpu: [x64]
    os: [linux]

  '@oxlint-tsgolint/win32-arm64@0.23.0':
    resolution: {integrity: sha512-j+OEp44SVYiQ+ZD+uttsX7u6L9SvmbbQ77SO1pSFCcJlsVMeCk8qZsjhKfGKuT/jIA+ipOJMVs/+pqUfObBWNw==}
    cpu: [arm64]
    os: [win32]

  '@oxlint-tsgolint/win32-x64@0.23.0':
    resolution: {integrity: sha512-5MyjFuqf+g8OUPJBSGWHJtmoWnzFJYyOg4To9WMQshZYEWig/vtu7JtJ03VWnzHv9LJkAUeApY0gVCOywFR/iQ==}
    cpu: [x64]
    os: [win32]

  '@oxlint/binding-android-arm-eabi@1.68.0':
    resolution: {integrity: sha512-wEdsIspexXLLMCPAEOcCuFLMt6aE3AzTuA/nQKLPRnoJ+EQTturmGheDkhHuuVHx0GbutjQ3JKmEn+Gz6Ag28Q==}
    engines: {node: ^20.19.0 || >=22.12.0}
    cpu: [arm]
    os: [android]

  '@oxlint/binding-android-arm64@1.68.0':
    resolution: {integrity: sha512-6aZRNNXQTsYtgaus8HTb9nuCcsrQTlKXGnktwvwW0n/SooRWNxNb3925grDkC63aEYZuCIyOVLV16IdYIoC2aQ==}
    engines: {node: ^20.19.0 || >=22.12.0}
    cpu: [arm64]
    os: [android]

  '@oxlint/binding-darwin-arm64@1.68.0':
    resolution: {integrity: sha512-lVTbsE3kO4bLpZELgjRZuAJc8kP98wb83yMXWH8gaPaFZ+cM2IDeZto4ByoUAYj0Mxv2rvw+A1ssZequSepVSg==}
    engines: {node: ^20.19.0 || >=22.12.0}
    cpu: [arm64]
    os: [darwin]

  '@oxlint/binding-darwin-x64@1.68.0':
    resolution: {integrity: sha512-nCmw2XrmQskjBUh/sfP5yKs93V68LijQgjd1cuuZ/q4SCARngLYs60/qqyzuMsg8QQ9KArDI98hxs/RDGE4KRQ==}
    engines: {node: ^20.19.0 || >=22.12.0}
    cpu: [x64]
    os: [darwin]

  '@oxlint/binding-freebsd-x64@1.68.0':
    resolution: {integrity: sha512-TI4ovQJliYE9V6e06cEv+qEI9uj7Ao65fmif4er4HD+aouyYyh0P31q2jh3KtqsOHHcQqv2PZ61TjJFLpBDGWQ==}
    engines: {node: ^20.19.0 || >=22.12.0}
    cpu: [x64]
    os: [freebsd]

  '@oxlint/binding-linux-arm-gnueabihf@1.68.0':
    resolution: {integrity: sha512-LcNnEi9g71Cmry5ZpLbKT+oVv+/zYG3hYVAbBBB5X85nOQZSk8l92CnDkxJMcxUg0NCnMCOFZuaVDlMyv4tYJw==}
    engines: {node: ^20.19.0 || >=22.12.0}
    cpu: [arm]
    os: [linux]

  '@oxlint/binding-linux-arm-musleabihf@1.68.0':
    resolution: {integrity: sha512-OovHahL3FX4UaK+hgSf11llUx2vszqjSdQQ61Ck9InOEI/ptZoC4XSQJurITqItVvd53JSlmkLMeaNjM1PoQew==}
    engines: {node: ^20.19.0 || >=22.12.0}
    cpu: [arm]
    os: [linux]

  '@oxlint/binding-linux-arm64-gnu@1.68.0':
    resolution: {integrity: sha512-YbzTglnHLzzi9zv5or8Ztz5fykAoZE8W9iM42/bOrF4HBSB6rJTqdLQWuoP76EHQw9DuKl76K1QmFlG29sPJXQ==}
    engines: {node: ^20.19.0 || >=22.12.0}
    cpu: [arm64]
    os: [linux]
    libc: [glibc]

  '@oxlint/binding-linux-arm64-musl@1.68.0':
    resolution: {integrity: sha512-qVKtCZNic+OoNnOr/hCQAu22HSQzflI7Fsq/Blzkw02SnLuv163k3kfmrVpZjSBlUHgsRKj6WgQiw30d3SX02Q==}
    engines: {node: ^20.19.0 || >=22.12.0}
    cpu: [arm64]
    os: [linux]
    libc: [musl]

  '@oxlint/binding-linux-ppc64-gnu@1.68.0':
    resolution: {integrity: sha512-zExyZ8ZOUuAyQ0y9jpTcyjKUz62YY9JhKPyVxzvjTpXzZ3ujdqiVwfPWDdnA1SsIOrxdtxHn7KErDHLWskFjXg==}
    engines: {node: ^20.19.0 || >=22.12.0}
    cpu: [ppc64]
    os: [linux]
    libc: [glibc]

  '@oxlint/binding-linux-riscv64-gnu@1.68.0':
    resolution: {integrity: sha512-6C4MPuwewyDavA7sxM14wzgRi5GGL68HPIxRCdVyS75U4MDbpFVYzKO9WNR6KLKTMPq2pcz3THwo1sK2uiqngw==}
    engines: {node: ^20.19.0 || >=22.12.0}
    cpu: [riscv64]
    os: [linux]
    libc: [glibc]

  '@oxlint/binding-linux-riscv64-musl@1.68.0':
    resolution: {integrity: sha512-bnZooVeHAcvA+dH0EDLgx+7HY/DRi6e0hFszg3P+OBatuUjV6EvfIyNIzWOusmqAVh4L6r21GGTZtiKE4iqM4Q==}
    engines: {node: ^20.19.0 || >=22.12.0}
    cpu: [riscv64]
    os: [linux]
    libc: [musl]

  '@oxlint/binding-linux-s390x-gnu@1.68.0':
    resolution: {integrity: sha512-dIqnZnJSmHCMOUpUcWQOiV14o3DDPVx1DSsMaSzvdhNjC1tB1iEPZbdiMSCIEYbkgbsYznHXWqFdKL8WUB3F8g==}
    engines: {node: ^20.19.0 || >=22.12.0}
    cpu: [s390x]
    os: [linux]
    libc: [glibc]

  '@oxlint/binding-linux-x64-gnu@1.68.0':
    resolution: {integrity: sha512-zc9lEnfV/HreDTY6gdMlZe+irkwHSxQ4/B1pS9GyK7RVaA5LxhoZY/w6/o2vIwLLEYiXQ5ujGxOM1ZazeFAAIA==}
    engines: {node: ^20.19.0 || >=22.12.0}
    cpu: [x64]
    os: [linux]
    libc: [glibc]

  '@oxlint/binding-linux-x64-musl@1.68.0':
    resolution: {integrity: sha512-Dl5QEX0TCo/40Cdh1o1JdPS//+YiWqjC+Hrrya5OQmStZZr4svAFtdlqcpCrU9yq2Mo3vRVyO9B3h0dzD8s36Q==}
    engines: {node: ^20.19.0 || >=22.12.0}
    cpu: [x64]
    os: [linux]
    libc: [musl]

  '@oxlint/binding-openharmony-arm64@1.68.0':
    resolution: {integrity: sha512-/qy6dOvi4S3/LeXq0l5BT5pRKPYA7oj3uKwJOAZOr5HRLL+HK6jdBynvWuXIA2wwfE01RzNYmbBdM7vwYx00sA==}
    engines: {node: ^20.19.0 || >=22.12.0}
    cpu: [arm64]
    os: [openharmony]

  '@oxlint/binding-win32-arm64-msvc@1.68.0':
    resolution: {integrity: sha512-fHNtVqPHSYE7UFDSLVFUjxQjnSVXxseNJmRW+XuP4pXXDwePdPda43NL7/BBCFTxHjycOc44JNDaOPtFDNui9A==}
    engines: {node: ^20.19.0 || >=22.12.0}
    cpu: [arm64]
    os: [win32]

  '@oxlint/binding-win32-ia32-msvc@1.68.0':
    resolution: {integrity: sha512-NnKXr4Wgo4nps3erhrE0f8shBvBPZMHg72nDsvX0JyrRvsNiP3f1JNvbCKh+A6VFvpF7ZoJxu904P3cKMhvZnA==}
    engines: {node: ^20.19.0 || >=22.12.0}
    cpu: [ia32]
    os: [win32]

  '@oxlint/binding-win32-x64-msvc@1.68.0':
    resolution: {integrity: sha512-zg5pA+84AlU6XHJ3ruiRxziO71QTrz8nLsk6u01JGS5+tL9/bnlakFiklFrcy4R1/V7ktWtaNitN3JZWmKnf6g==}
    engines: {node: ^20.19.0 || >=22.12.0}
    cpu: [x64]
    os: [win32]

  '@popperjs/core@2.11.8':
    resolution: {integrity: sha512-P1st0aksCrn9sGZhp8GMYwBnQsbvAWsZAX44oXNNvLHGqAOcoVxmjZiohstwQ7SqKnbR47akdNi+uleWD8+g6A==}

  '@react-aria/ssr@3.10.0':
    resolution: {integrity: sha512-mnelvACtfNWWKFCT1YHebxJRmfBmmANGwHQhCFPByMVTx1L8RumcaLxChYkE87g2KPuP5xX2il/oRn1DytW+qQ==}
    engines: {node: '>= 12'}
    peerDependencies:
      react: ^16.8.0 || ^17.0.0-rc.1 || ^18.0.0 || ^19.0.0-rc.1
      react-dom: ^16.8.0 || ^17.0.0-rc.1 || ^18.0.0 || ^19.0.0-rc.1

  '@react-types/shared@3.34.0':
    resolution: {integrity: sha512-gp6xo/s2lX54AlTjOiqwDnxA7UW79BNvI9dB9pr3LZTzRKCd1ZA+ZbgKw/ReIiWuvvVw/8QFJpnqeeFyLocMcQ==}
    peerDependencies:
      react: ^16.8.0 || ^17.0.0-rc.1 || ^18.0.0 || ^19.0.0-rc.1

  '@restart/hooks@0.4.16':
    resolution: {integrity: sha512-f7aCv7c+nU/3mF7NWLtVVr0Ra80RqsO89hO72r+Y/nvQr5+q0UFGkocElTH6MJApvReVh6JHUFYn2cw1WdHF3w==}
    peerDependencies:
      react: '>=16.8.0'

  '@restart/hooks@0.5.1':
    resolution: {integrity: sha512-EMoH04NHS1pbn07iLTjIjgttuqb7qu4+/EyhAx27MHpoENcB2ZdSsLTNxmKD+WEPnZigo62Qc8zjGnNxoSE/5Q==}
    peerDependencies:
      react: '>=16.8.0'

  '@restart/ui@1.9.4':
    resolution: {integrity: sha512-N4C7haUc3vn4LTwVUPlkJN8Ach/+yIMvRuTVIhjilNHqegY60SGLrzud6errOMNJwSnmYFnt1J0H/k8FE3A4KA==}
    peerDependencies:
      react: '>=16.14.0'
      react-dom: '>=16.14.0'

  '@rolldown/binding-android-arm64@1.0.3':
    resolution: {integrity: sha512-454rs7jHngixp/NMxd5srYD57OnzSlZ/eFTETjORQHLwJG1lRtmNOJcBerZlfu4GjKqeq8aCCIQrMdHyhI51Hw==}
    engines: {node: ^20.19.0 || >=22.12.0}
    cpu: [arm64]
    os: [android]

  '@rolldown/binding-darwin-arm64@1.0.3':
    resolution: {integrity: sha512-PcAhP+ynjURNyy8SKGl5DQP94aGuB/7JrXJb/t7P+hanXvQVMWzUvRRhBAcg/lNRadBhoUPqSoP4xw5tR/KBEA==}
    engines: {node: ^20.19.0 || >=22.12.0}
    cpu: [arm64]
    os: [darwin]

  '@rolldown/binding-darwin-x64@1.0.3':
    resolution: {integrity: sha512-9YpfeUvSE2RS7wysJ81uOZkXJz7f7Q55H2Gvp3VEw/EsahqDtrphrZ0EwDLK5vvKOzaCrBsjF8JmnMLcUt78Gg==}
    engines: {node: ^20.19.0 || >=22.12.0}
    cpu: [x64]
    os: [darwin]

  '@rolldown/binding-freebsd-x64@1.0.3':
    resolution: {integrity: sha512-yB1IlAsSNHncV6SCTL27/MVGR5htvQsoGxIv5KMGXALp+Ll1wYsn+x98M9MW7qa+NdSbvrrY7ANI4wLJ0n1e6g==}
    engines: {node: ^20.19.0 || >=22.12.0}
    cpu: [x64]
    os: [freebsd]

  '@rolldown/binding-linux-arm-gnueabihf@1.0.3':
    resolution: {integrity: sha512-Yi30IVAAfLUCy2MseFjbB1jAMDl1VMCAas5StnYp8da9+CKvMd2H2cbEjWcw5NPaPqzvYkVIaF1nNUG+b7u/sw==}
    engines: {node: ^20.19.0 || >=22.12.0}
    cpu: [arm]
    os: [linux]

  '@rolldown/binding-linux-arm64-gnu@1.0.3':
    resolution: {integrity: sha512-jsO7R8To+AdlYgUmN5sHSCZbfhtMBkO0WUx8iORQnPcMMdgr7qM2DQmMwgabs3GhNztdmoKkMKQFHD6DTMCIQw==}
    engines: {node: ^20.19.0 || >=22.12.0}
    cpu: [arm64]
    os: [linux]
    libc: [glibc]

  '@rolldown/binding-linux-arm64-musl@1.0.3':
    resolution: {integrity: sha512-VWkUHwWriDciit80wleYwKILoR/KMvxh/IdwS/paX+ZgpuRpCrKLUdadJbc0NpBEiyhpYawsJ73j9aCvOH+f7Q==}
    engines: {node: ^20.19.0 || >=22.12.0}
    cpu: [arm64]
    os: [linux]
    libc: [musl]

  '@rolldown/binding-linux-ppc64-gnu@1.0.3':
    resolution: {integrity: sha512-5f1laC0SlIR0yDbFCd8acUhvJIag6N3zC5P7oUPN6wX0aOma+uKJ0wBDH5aq7I1PVI2ttTlhJwzwRIBnLiSGEg==}
    engines: {node: ^20.19.0 || >=22.12.0}
    cpu: [ppc64]
    os: [linux]
    libc: [glibc]

  '@rolldown/binding-linux-s390x-gnu@1.0.3':
    resolution: {integrity: sha512-Iq4ko0r4XsgbrF/LunNgHtAGLRRVE2kXonAXQ/MV0mC6jQpMOhW1SvtZja2EhC/kd05++bP78dsqBeIQyYJ6Yg==}
    engines: {node: ^20.19.0 || >=22.12.0}
    cpu: [s390x]
    os: [linux]
    libc: [glibc]

  '@rolldown/binding-linux-x64-gnu@1.0.3':
    resolution: {integrity: sha512-B8m6tD5+/N5FeNQFbKlLA/2yVq9ycQP1SeedyEYYKWBNR3ZQbkvIUcNnDNM03lO1l5F2roiiFJGgvoLLyZXtSg==}
    engines: {node: ^20.19.0 || >=22.12.0}
    cpu: [x64]
    os: [linux]
    libc: [glibc]

  '@rolldown/binding-linux-x64-musl@1.0.3':
    resolution: {integrity: sha512-pSdpdUJHkuCxun9LE7jvgUB9qsRgaiyNNCX7m/AvHTcq67AiT/Yhoxvw5zPfhrM8k/BfP8ce/hMOpthKDpEUow==}
    engines: {node: ^20.19.0 || >=22.12.0}
    cpu: [x64]
    os: [linux]
    libc: [musl]

  '@rolldown/binding-openharmony-arm64@1.0.3':
    resolution: {integrity: sha512-OXXS3RKJgX2uLwM+gYyuH5omcH8fL1LJs96pZGgtetVCahON57+d4SJHzTgZiOjxgGkSnpXpOsWuPDGAKAigEg==}
    engines: {node: ^20.19.0 || >=22.12.0}
    cpu: [arm64]
    os: [openharmony]

  '@rolldown/binding-wasm32-wasi@1.0.3':
    resolution: {integrity: sha512-JTtb8BWFynicNSoPrehsCzBtOKjZ6jhMiPFEmOiuXg1Fl8dn2KHQob+GuPSGR0dryQa1PQJbzjF3dqO/whhjLg==}
    engines: {node: ^20.19.0 || >=22.12.0}
    cpu: [wasm32]

  '@rolldown/binding-win32-arm64-msvc@1.0.3':
    resolution: {integrity: sha512-gEdFFEN70A/jxb2svrWsN3aDL7OUtmvlOy+6fa2jxG8K0wQ1ZbdeLGnidov6Yu5/733dI5ySfzFlQ/cb0bSz1g==}
    engines: {node: ^20.19.0 || >=22.12.0}
    cpu: [arm64]
    os: [win32]

  '@rolldown/binding-win32-x64-msvc@1.0.3':
    resolution: {integrity: sha512-eXB7CHuaQdqmJcc3koCNtNPmT/bj2gc999kUFgBxG8Ac0NdgXc4rkCHhqrgrhN3zddvvvrgzj1e90SuSfmyIXA==}
    engines: {node: ^20.19.0 || >=22.12.0}
    cpu: [x64]
    os: [win32]

  '@rolldown/pluginutils@1.0.1':
    resolution: {integrity: sha512-2j9bGt5Jh8hj+vPtgzPtl72j0yRxHAyumoo6TNfAjsLB04UtpSvPbPcDcBMxz7n+9CYB0c1GxQFxYRg2jimqGw==}

  '@spotify/web-api-ts-sdk@1.2.0':
    resolution: {integrity: sha512-JUaebva3Ohwo5I5tuTqyW/FKGOMbb40YevJMySAOINRxP7qQ/AMjBzfJx0zeO6yS+wAPfQSoGNsZaUggHw8vsA==}

  '@swc/helpers@0.5.21':
    resolution: {integrity: sha512-jI/VAmtdjB/RnI8GTnokyX7Ug8c+g+ffD6QRLa6XQewtnGyukKkKSk3wLTM3b5cjt1jNh9x0jfVlagdN2gDKQg==}

  '@tybys/wasm-util@0.10.2':
    resolution: {integrity: sha512-RoBvJ2X0wuKlWFIjrwffGw1IqZHKQqzIchKaadZZfnNpsAYp2mM0h36JtPCjNDAHGgYez/15uMBpfGwchhiMgg==}

  '@types/confusing-browser-globals@1.0.3':
    resolution: {integrity: sha512-q+6axdE3RyjrSsy2ONE4UpF89rwOfpoMBP3lqJ+OzLuOeYHwP+o2GITzuleKb1UT3FSYybO8QmeACgyHleu2CA==}

  '@types/file-saver@2.0.7':
    resolution: {integrity: sha512-dNKVfHd/jk0SkR/exKGj2ggkB45MAkzvWCaqLUUgkyjITkGNzH8H+yUwr+BLJUBjZOe9w8X3wgmXhZDRg1ED6A==}

  '@types/lodash@4.17.24':
    resolution: {integrity: sha512-gIW7lQLZbue7lRSWEFql49QJJWThrTFFeIMJdp3eH4tKoxm1OvEPg02rm4wCCSHS0cL3/Fizimb35b7k8atwsQ==}

  '@types/react-bootstrap@0.32.37':
    resolution: {integrity: sha512-CVHj++uxsj1pRnM3RQ/NAXcWj+JwJZ3MqQ28sS1OQUD1sI2gRlbeAjRT+ak2nuwL+CY+gtnIsMaIDq0RNfN0PA==}

  '@types/react-dom@19.2.3':
    resolution: {integrity: sha512-jp2L/eY6fn+KgVVQAOqYItbF0VY/YApe5Mz2F0aykSO8gx31bYCZyvSeYxCHKvzHG5eZjc+zyaS5BrBWya2+kQ==}
    peerDependencies:
      '@types/react': ^19.2.0

  '@types/react-transition-group@4.4.12':
    resolution: {integrity: sha512-8TV6R3h2j7a91c+1DXdJi3Syo69zzIZbz7Lg5tORM5LEJG7X/E6a1V3drRyBRZq7/utz7A+c4OgYLiLcYGHG6w==}
    peerDependencies:
      '@types/react': '*'

  '@types/react@19.2.17':
    resolution: {integrity: sha512-MXfmqaVPEVgkBT/aY0aGCkRWWtByiYQXo3xdQ8r5RzuFrPiRn8Gar2tQdXSUQ2GKV3bkXckek89V8wQBY2Q/Aw==}

  '@types/warning@3.0.4':
    resolution: {integrity: sha512-CqN8MnISMwQbLJXO3doBAV4Yw9hx9/Pyr2rZ78+NfaCnhyRA/nKrpyk6E7mKw17ZOaQdLpK9GiUjrqLzBlN3sg==}

  '@vitejs/plugin-react@6.0.2':
    resolution: {integrity: sha512-DlSMqo4WhThw4vB8Mpn0Woe9J+Jfq1geJ61AKW0QEgLzGMNwtIMdxbDUzLxcun8W7NbJO0e2Jg/Nxm3cCSVzzg==}
    engines: {node: ^20.19.0 || >=22.12.0}
    peerDependencies:
      '@rolldown/plugin-babel': ^0.1.7 || ^0.2.0
      babel-plugin-react-compiler: ^1.0.0
      vite: ^8.0.0
    peerDependenciesMeta:
      '@rolldown/plugin-babel':
        optional: true
      babel-plugin-react-compiler:
        optional: true

  aria-hidden@1.2.6:
    resolution: {integrity: sha512-ik3ZgC9dY/lYVVM++OISsaYDeg1tb0VtP5uL3ouh1koGOaUMDPpbFIei4JkFimWUFPn90sbMNMXQAIVOlnYKJA==}
    engines: {node: '>=10'}

  bootstrap@5.3.1:
    resolution: {integrity: sha512-jzwza3Yagduci2x0rr9MeFSORjcHpt0lRZukZPZQJT1Dth5qzV7XcgGqYzi39KGAVYR8QEDVoO0ubFKOxzMG+g==}
    peerDependencies:
      '@popperjs/core': ^2.11.8

  classnames@2.5.1:
    resolution: {integrity: sha512-saHYOzhIQs6wy2sVxTM6bUDsQO4F50V9RQ22qBpEdCW+I+/Wmke2HOl6lS6dTpdxVhb88/I6+Hs+438c3lfUow==}

  clsx@2.1.1:
    resolution: {integrity: sha512-eYm0QWBtUrBWZWG0d386OGAw16Z995PiOVo2B7bjWSbHedGl5e0ZWaq65kOGgUSNesEIDkB9ISbTg/JK9dhCZA==}
    engines: {node: '>=6'}

  confusing-browser-globals@1.0.11:
    resolution: {integrity: sha512-JsPKdmh8ZkmnHxDk55FZ1TqVLvEQTvoByJZRN9jzI0UjxK/QgAmsphz7PGtqgPieQZ/CQcHWXCR7ATDNhGe+YA==}

  csstype@3.2.3:
    resolution: {integrity: sha512-z1HGKcYy2xA8AGQfwrn0PAy+PB7X/GSj3UVJW9qKyn43xWa+gl5nXmU4qqLMRzWVLFC8KusUX8T/0kCiOYpAIQ==}

  dequal@2.0.3:
    resolution: {integrity: sha512-0je+qPKHEMohvfRTCEo3CrPG6cAzAYgmzKyxRiYSSDkS6eGJdyVJm7WaYA5ECaAD9wLB2T4EEeymA5aFVcYXCA==}
    engines: {node: '>=6'}

  detect-libc@2.1.2:
    resolution: {integrity: sha512-Btj2BOOO83o3WyH59e8MgXsxEQVcarkUOpEYrubB0urwnN10yQ364rsiByU11nZlqWYZm05i/of7io4mzihBtQ==}
    engines: {node: '>=8'}

  dom-helpers@5.2.1:
    resolution: {integrity: sha512-nRCa7CK3VTrM2NmGkIy4cbK7IZlgBE/PYMn55rrXefr5xXDP0LdtfPnblFDoVdcAfslJ7or6iqAUnx0CCGIWQA==}

  fdir@6.5.0:
    resolution: {integrity: sha512-tIbYtZbucOs0BRGqPJkshJUYdL+SDH7dVM8gjy+ERp3WAUjLEFJE+02kanyHtwjWOnwrKYBiwAmM0p4kLJAnXg==}
    engines: {node: '>=12.0.0'}
    peerDependencies:
      picomatch: ^3 || ^4
    peerDependenciesMeta:
      picomatch:
        optional: true

  file-saver@2.0.5:
    resolution: {integrity: sha512-P9bmyZ3h/PRG+Nzga+rbdI4OEpNDzAVyy74uVO9ATgzLK6VtAsYybF/+TOCvrc0MO793d6+42lLyZTw7/ArVzA==}

  fsevents@2.3.3:
    resolution: {integrity: sha512-5xoDfX+fL7faATnagmWPpbFtwh/R77WmMMqqHGS65C3vvB0YHrgF+B1YmZ3441tMj5n63k0212XNoJwzlhffQw==}
    engines: {node: ^8.16.0 || ^10.6.0 || >=11.0.0}
    os: [darwin]

  invariant@2.2.4:
    resolution: {integrity: sha512-phJfQVBuaJM5raOpJjSfkiD6BpbCE4Ns//LaXl6wGYtUBY83nWS6Rf9tXm2e8VaK60JEjYldbPif/A2B1C2gNA==}

  js-tokens@4.0.0:
    resolution: {integrity: sha512-RdJUflcE3cUzKiMqQgsCu06FPu9UdIJO0beYbPhHN4k6apgJtifcoCtT9bcxOpYBtpD2kCM6Sbzg4CausW/PKQ==}

  lightningcss-android-arm64@1.32.0:
    resolution: {integrity: sha512-YK7/ClTt4kAK0vo6w3X+Pnm0D2cf2vPHbhOXdoNti1Ga0al1P4TBZhwjATvjNwLEBCnKvjJc2jQgHXH0NEwlAg==}
    engines: {node: '>= 12.0.0'}
    cpu: [arm64]
    os: [android]

  lightningcss-darwin-arm64@1.32.0:
    resolution: {integrity: sha512-RzeG9Ju5bag2Bv1/lwlVJvBE3q6TtXskdZLLCyfg5pt+HLz9BqlICO7LZM7VHNTTn/5PRhHFBSjk5lc4cmscPQ==}
    engines: {node: '>= 12.0.0'}
    cpu: [arm64]
    os: [darwin]

  lightningcss-darwin-x64@1.32.0:
    resolution: {integrity: sha512-U+QsBp2m/s2wqpUYT/6wnlagdZbtZdndSmut/NJqlCcMLTWp5muCrID+K5UJ6jqD2BFshejCYXniPDbNh73V8w==}
    engines: {node: '>= 12.0.0'}
    cpu: [x64]
    os: [darwin]

  lightningcss-freebsd-x64@1.32.0:
    resolution: {integrity: sha512-JCTigedEksZk3tHTTthnMdVfGf61Fky8Ji2E4YjUTEQX14xiy/lTzXnu1vwiZe3bYe0q+SpsSH/CTeDXK6WHig==}
    engines: {node: '>= 12.0.0'}
    cpu: [x64]
    os: [freebsd]

  lightningcss-linux-arm-gnueabihf@1.32.0:
    resolution: {integrity: sha512-x6rnnpRa2GL0zQOkt6rts3YDPzduLpWvwAF6EMhXFVZXD4tPrBkEFqzGowzCsIWsPjqSK+tyNEODUBXeeVHSkw==}
    engines: {node: '>= 12.0.0'}
    cpu: [arm]
    os: [linux]

  lightningcss-linux-arm64-gnu@1.32.0:
    resolution: {integrity: sha512-0nnMyoyOLRJXfbMOilaSRcLH3Jw5z9HDNGfT/gwCPgaDjnx0i8w7vBzFLFR1f6CMLKF8gVbebmkUN3fa/kQJpQ==}
    engines: {node: '>= 12.0.0'}
    cpu: [arm64]
    os: [linux]
    libc: [glibc]

  lightningcss-linux-arm64-musl@1.32.0:
    resolution: {integrity: sha512-UpQkoenr4UJEzgVIYpI80lDFvRmPVg6oqboNHfoH4CQIfNA+HOrZ7Mo7KZP02dC6LjghPQJeBsvXhJod/wnIBg==}
    engines: {node: '>= 12.0.0'}
    cpu: [arm64]
    os: [linux]
    libc: [musl]

  lightningcss-linux-x64-gnu@1.32.0:
    resolution: {integrity: sha512-V7Qr52IhZmdKPVr+Vtw8o+WLsQJYCTd8loIfpDaMRWGUZfBOYEJeyJIkqGIDMZPwPx24pUMfwSxxI8phr/MbOA==}
    engines: {node: '>= 12.0.0'}
    cpu: [x64]
    os: [linux]
    libc: [glibc]

  lightningcss-linux-x64-musl@1.32.0:
    resolution: {integrity: sha512-bYcLp+Vb0awsiXg/80uCRezCYHNg1/l3mt0gzHnWV9XP1W5sKa5/TCdGWaR/zBM2PeF/HbsQv/j2URNOiVuxWg==}
    engines: {node: '>= 12.0.0'}
    cpu: [x64]
    os: [linux]
    libc: [musl]

  lightningcss-win32-arm64-msvc@1.32.0:
    resolution: {integrity: sha512-8SbC8BR40pS6baCM8sbtYDSwEVQd4JlFTOlaD3gWGHfThTcABnNDBda6eTZeqbofalIJhFx0qKzgHJmcPTnGdw==}
    engines: {node: '>= 12.0.0'}
    cpu: [arm64]
    os: [win32]

  lightningcss-win32-x64-msvc@1.32.0:
    resolution: {integrity: sha512-Amq9B/SoZYdDi1kFrojnoqPLxYhQ4Wo5XiL8EVJrVsB8ARoC1PWW6VGtT0WKCemjy8aC+louJnjS7U18x3b06Q==}
    engines: {node: '>= 12.0.0'}
    cpu: [x64]
    os: [win32]

  lightningcss@1.32.0:
    resolution: {integrity: sha512-NXYBzinNrblfraPGyrbPoD19C1h9lfI/1mzgWYvXUTe414Gz/X1FD2XBZSZM7rRTrMA8JL3OtAaGifrIKhQ5yQ==}
    engines: {node: '>= 12.0.0'}

  lodash@4.18.1:
    resolution: {integrity: sha512-dMInicTPVE8d1e5otfwmmjlxkZoUpiVLwyeTdUsi/Caj/gfzzblBcCE5sRHV/AsjuCmxWrte2TNGSYuCeCq+0Q==}

  loose-envify@1.4.0:
    resolution: {integrity: sha512-lyuxPGr/Wfhrlem2CL/UcnUc1zcqKAImBDzukY7Y5F/yQiNdko6+fRLevlw1HgMySw7f611UIY408EtxRSoK3Q==}
    hasBin: true

  nanoid@3.3.12:
    resolution: {integrity: sha512-ZB9RH/39qpq5Vu6Y+NmUaFhQR6pp+M2Xt76XBnEwDaGcVAqhlvxrl3B2bKS5D3NH3QR76v3aSrKaF/Kiy7lEtQ==}
    engines: {node: ^10 || ^12 || ^13.7 || ^14 || >=15.0.1}
    hasBin: true

  object-assign@4.1.1:
    resolution: {integrity: sha512-rJgTQnkUnH1sFw8yT6VSU3zD3sWmu6sZhIseY8VX+GRu3P6F7Fu+JNDoXfklElbLJSnc3FUQHVe4cU5hj+BcUg==}
    engines: {node: '>=0.10.0'}

  oxfmt@0.53.0:
    resolution: {integrity: sha512-9cB5glS3Ip6NMuZ+6NYTao9FCWkDhRtPYCtR3QBu/NxHoFbgzzTvi41N4jxz/GqGfuLKspui1qb/LlSu2IbMcw==}
    engines: {node: ^20.19.0 || >=22.12.0}
    hasBin: true
    peerDependencies:
      svelte: ^5.0.0
      vite-plus: '*'
    peerDependenciesMeta:
      svelte:
        optional: true
      vite-plus:
        optional: true

  oxlint-tsgolint@0.23.0:
    resolution: {integrity: sha512-3mBv3CoPbh8dFbzfDGIWa2ytZjn2v+3EX4aKRXjIhsoGFzG8GCjfRirz3rwZf1wYbZzsNLTSgpw8VjQuWdp/jA==}
    hasBin: true

  oxlint@1.68.0:
    resolution: {integrity: sha512-dXcbq+xsmLrMy6T8d0euf3IYUfLmjHIE11pOxiUSi5LHkFZaYPv568R6sEjcavVpUxoaQe66UBuK4HEi74NxpA==}
    engines: {node: ^20.19.0 || >=22.12.0}
    hasBin: true
    peerDependencies:
      oxlint-tsgolint: '>=0.22.1'
      vite-plus: '*'
    peerDependenciesMeta:
      oxlint-tsgolint:
        optional: true
      vite-plus:
        optional: true

  picocolors@1.1.1:
    resolution: {integrity: sha512-xceH2snhtb5M9liqDsmEw56le376mTZkEX/jEb/RxNFyegNul7eNslCXP9FDj/Lcu0X8KEyMceP2ntpaHrDEVA==}

  picomatch@4.0.4:
    resolution: {integrity: sha512-QP88BAKvMam/3NxH6vj2o21R6MjxZUAd6nlwAS/pnGvN9IVLocLHxGYIzFhg6fUQ+5th6P4dv4eW9jX3DSIj7A==}
    engines: {node: '>=12'}

  postcss@8.5.15:
    resolution: {integrity: sha512-FfR8sjd4em2T6fb3I2MwAJU7HWVMr9zba+enmQeeWFfCbm+UOC/0X4DS8XtpUTMwWMGbjKYP7xjfNekzyGmB3A==}
    engines: {node: ^10 || ^12 || >=14}

  prop-types-extra@1.1.1:
    resolution: {integrity: sha512-59+AHNnHYCdiC+vMwY52WmvP5dM3QLeoumYuEyceQDi9aEhtwN9zIQ2ZNo25sMyXnbh32h+P1ezDsUpUH3JAew==}
    peerDependencies:
      react: '>=0.14.0'

  prop-types@15.8.1:
    resolution: {integrity: sha512-oj87CgZICdulUohogVAR7AjlC0327U4el4L6eAvOqCeudMDVU0NThNaV+b9Df4dXgSP1gXMTnPdhfe/2qDH5cg==}

  react-aria@3.48.0:
    resolution: {integrity: sha512-jQjd4rBEIMqecBaAKYJbVGK6EqIHLa5znVQ7jwFyK5vCyljoj6KhgtiahmcIPsG5vG5vEDLw+ba+bEWn6A2P4w==}
    peerDependencies:
      react: ^16.8.0 || ^17.0.0-rc.1 || ^18.0.0 || ^19.0.0-rc.1
      react-dom: ^16.8.0 || ^17.0.0-rc.1 || ^18.0.0 || ^19.0.0-rc.1

  react-bootstrap@2.8.0:
    resolution: {integrity: sha512-e/aNtxl0Z2ozrIaR82jr6Zz7ss9GSoaXpQaxmvtDUsTZIq/XalkduR/ZXP6vbQHz2T4syvjA+4FbtwELxxmpww==}
    peerDependencies:
      '@types/react': '>=16.14.8'
      react: '>=16.14.0'
      react-dom: '>=16.14.0'
    peerDependenciesMeta:
      '@types/react':
        optional: true

  react-dom@19.2.7:
    resolution: {integrity: sha512-t0BRVXvbiE/o20Hfw669rLbMCDWtYZLvmJigy2f0MxsXF+71pxhR3xOkspmsO8h3ZlNzyibAmtCa3l4lYKk6gQ==}
    peerDependencies:
      react: ^19.2.7

  react-is@16.13.1:
    resolution: {integrity: sha512-24e6ynE2H+OKt4kqsOvNd8kBpV65zoxbA4BVsEOB3ARVWQki/DHzaUoC5KuON/BiccDaCCTZBuOcfZs70kR8bQ==}

  react-lifecycles-compat@3.0.4:
    resolution: {integrity: sha512-fBASbA6LnOU9dOU2eW7aQ8xmYBSXUIWr+UmF9b1efZBazGNO+rcXT/icdKnYm2pTwcRylVUYwW7H1PHfLekVzA==}

  react-stately@3.46.0:
    resolution: {integrity: sha512-OdxhWvHgs2L4OJGIs7hnuTr5WjjMM6enhNEAMRqiekhF8+ITvA2LRwNftOZwcogaoCslGYq5S2VQTQwnm0GbCA==}
    peerDependencies:
      react: ^16.8.0 || ^17.0.0-rc.1 || ^18.0.0 || ^19.0.0-rc.1

  react-toastify@11.1.0:
    resolution: {integrity: sha512-e9h23x3phN0wbFeB6yovmWp7lobzV4CaCH0LO8nVP6H7Y+3GbcLpIzMm9dJhcp1RXbpyfvjgpfXqO80QAmn7sg==}
    peerDependencies:
      react: ^18 || ^19
      react-dom: ^18 || ^19

  react-transition-group@4.4.5:
    resolution: {integrity: sha512-pZcd1MCJoiKiBR2NRxeCRg13uCXbydPnmB4EOeRrY7480qNWO8IIgQG6zlDkm6uRMsURXPuKq0GWtiM59a5Q6g==}
    peerDependencies:
      react: '>=16.6.0'
      react-dom: '>=16.6.0'

  react@19.2.7:
    resolution: {integrity: sha512-HNe9WslTbXmFK8o8cmwgAeJFSBvt1bPdHCVKtaaV+WlAN36mpT4hcRpwbf3fY56ar2oIXzsBpOAiIRHAdY0OlQ==}
    engines: {node: '>=0.10.0'}

  rolldown@1.0.3:
    resolution: {integrity: sha512-i00lAJ2ks1BYr7rjNjKC7BcqAS7nVfiT3QX1SI5aY+AFHblCmaUf9OE9dbdzDvW6dJxbi2ZCZiy9v3CcwOiX3g==}
    engines: {node: ^20.19.0 || >=22.12.0}
    hasBin: true

  scheduler@0.27.0:
    resolution: {integrity: sha512-eNv+WrVbKu1f3vbYJT/xtiF5syA5HPIMtf9IgY/nKg0sWqzAUEvqY/xm7OcZc/qafLx/iO9FgOmeSAp4v5ti/Q==}

  source-map-js@1.2.1:
    resolution: {integrity: sha512-UXWMKhLOwVKb728IUtQPXxfYU+usdybtUrK/8uGE8CQMvrhOpwvzDBwj0QhSL7MQc7vIsISBG8VQ8+IDQxpfQA==}
    engines: {node: '>=0.10.0'}

  tinyglobby@0.2.17:
    resolution: {integrity: sha512-wXR/dYpcqKmfWpEdZjiKJOwCNFndD0DMnrW/cYjVGttEkBfVgcLFHoNrlj47mjOVic9yyNu65alsgF4NQyTa2g==}
    engines: {node: '>=12.0.0'}

  tinypool@2.1.0:
    resolution: {integrity: sha512-Pugqs6M0m7Lv1I7FtxN4aoyToKg1C4tu+/381vH35y8oENM/Ai7f7C4StcoK4/+BSw9ebcS8jRiVrORFKCALLw==}
    engines: {node: ^20.0.0 || >=22.0.0}

  tslib@2.8.1:
    resolution: {integrity: sha512-oJFu94HQb+KVduSUQL7wnpmqnfmLsOA/nAh6b6EH0wCEoK0/mPeXU6c3wKDV83MkOuHPRHtSXKKU99IBazS/2w==}

  uncontrollable@7.2.1:
    resolution: {integrity: sha512-svtcfoTADIB0nT9nltgjujTi7BzVmwjZClOmskKu/E8FW9BXzg9os8OLr4f8Dlnk0rYWJIWr4wv9eKUXiQvQwQ==}
    peerDependencies:
      react: '>=15.0.0'

  uncontrollable@8.0.4:
    resolution: {integrity: sha512-ulRWYWHvscPFc0QQXvyJjY6LIXU56f0h8pQFvhxiKk5V1fcI8gp9Ht9leVAhrVjzqMw0BgjspBINx9r6oyJUvQ==}
    peerDependencies:
      react: '>=16.14.0'

  use-sync-external-store@1.6.0:
    resolution: {integrity: sha512-Pp6GSwGP/NrPIrxVFAIkOQeyw8lFenOHijQWkUTrDvrF4ALqylP2C/KCkeS9dpUM3KvYRQhna5vt7IL95+ZQ9w==}
    peerDependencies:
      react: ^16.8.0 || ^17.0.0 || ^18.0.0 || ^19.0.0

  vite@8.0.16:
    resolution: {integrity: sha512-h9bXPmJichP5fLmVQo3PyaGSDE2n3aPuomeAlVRm0JLmt4rY6zmPKd59HYI4LNW8oTK7tlTsuC7l/m7awx9Jcw==}
    engines: {node: ^20.19.0 || >=22.12.0}
    hasBin: true
    peerDependencies:
      '@types/node': ^20.19.0 || >=22.12.0
      '@vitejs/devtools': ^0.1.18
      esbuild: ^0.27.0 || ^0.28.0
      jiti: '>=1.21.0'
      less: ^4.0.0
      sass: ^1.70.0
      sass-embedded: ^1.70.0
      stylus: '>=0.54.8'
      sugarss: ^5.0.0
      terser: ^5.16.0
      tsx: ^4.8.1
      yaml: ^2.4.2
    peerDependenciesMeta:
      '@types/node':
        optional: true
      '@vitejs/devtools':
        optional: true
      esbuild:
        optional: true
      jiti:
        optional: true
      less:
        optional: true
      sass:
        optional: true
      sass-embedded:
        optional: true
      stylus:
        optional: true
      sugarss:
        optional: true
      terser:
        optional: true
      tsx:
        optional: true
      yaml:
        optional: true

  warning@4.0.3:
    resolution: {integrity: sha512-rpJyN222KWIvHJ/F53XSZv0Zl/accqHR8et1kpaMTD/fLCRxtV8iX8czMzY7sVZupTI3zcUTg8eycS2kNF9l6w==}

snapshots:

  '@babel/runtime@7.29.2': {}

  '@emnapi/core@1.10.0':
    dependencies:
      '@emnapi/wasi-threads': 1.2.1
      tslib: 2.8.1
    optional: true

  '@emnapi/runtime@1.10.0':
    dependencies:
      tslib: 2.8.1
    optional: true

  '@emnapi/wasi-threads@1.2.1':
    dependencies:
      tslib: 2.8.1
    optional: true

  '@internationalized/date@3.12.1':
    dependencies:
      '@swc/helpers': 0.5.21

  '@internationalized/number@3.6.6':
    dependencies:
      '@swc/helpers': 0.5.21

  '@internationalized/string@3.2.8':
    dependencies:
      '@swc/helpers': 0.5.21

  '@napi-rs/wasm-runtime@1.1.4(@emnapi/core@1.10.0)(@emnapi/runtime@1.10.0)':
    dependencies:
      '@emnapi/core': 1.10.0
      '@emnapi/runtime': 1.10.0
      '@tybys/wasm-util': 0.10.2
    optional: true

  '@oxc-project/types@0.133.0': {}

  '@oxfmt/binding-android-arm-eabi@0.53.0':
    optional: true

  '@oxfmt/binding-android-arm64@0.53.0':
    optional: true

  '@oxfmt/binding-darwin-arm64@0.53.0':
    optional: true

  '@oxfmt/binding-darwin-x64@0.53.0':
    optional: true

  '@oxfmt/binding-freebsd-x64@0.53.0':
    optional: true

  '@oxfmt/binding-linux-arm-gnueabihf@0.53.0':
    optional: true

  '@oxfmt/binding-linux-arm-musleabihf@0.53.0':
    optional: true

  '@oxfmt/binding-linux-arm64-gnu@0.53.0':
    optional: true

  '@oxfmt/binding-linux-arm64-musl@0.53.0':
    optional: true

  '@oxfmt/binding-linux-ppc64-gnu@0.53.0':
    optional: true

  '@oxfmt/binding-linux-riscv64-gnu@0.53.0':
    optional: true

  '@oxfmt/binding-linux-riscv64-musl@0.53.0':
    optional: true

  '@oxfmt/binding-linux-s390x-gnu@0.53.0':
    optional: true

  '@oxfmt/binding-linux-x64-gnu@0.53.0':
    optional: true

  '@oxfmt/binding-linux-x64-musl@0.53.0':
    optional: true

  '@oxfmt/binding-openharmony-arm64@0.53.0':
    optional: true

  '@oxfmt/binding-win32-arm64-msvc@0.53.0':
    optional: true

  '@oxfmt/binding-win32-ia32-msvc@0.53.0':
    optional: true

  '@oxfmt/binding-win32-x64-msvc@0.53.0':
    optional: true

  '@oxlint-tsgolint/darwin-arm64@0.23.0':
    optional: true

  '@oxlint-tsgolint/darwin-x64@0.23.0':
    optional: true

  '@oxlint-tsgolint/linux-arm64@0.23.0':
    optional: true

  '@oxlint-tsgolint/linux-x64@0.23.0':
    optional: true

  '@oxlint-tsgolint/win32-arm64@0.23.0':
    optional: true

  '@oxlint-tsgolint/win32-x64@0.23.0':
    optional: true

  '@oxlint/binding-android-arm-eabi@1.68.0':
    optional: true

  '@oxlint/binding-android-arm64@1.68.0':
    optional: true

  '@oxlint/binding-darwin-arm64@1.68.0':
    optional: true

  '@oxlint/binding-darwin-x64@1.68.0':
    optional: true

  '@oxlint/binding-freebsd-x64@1.68.0':
    optional: true

  '@oxlint/binding-linux-arm-gnueabihf@1.68.0':
    optional: true

  '@oxlint/binding-linux-arm-musleabihf@1.68.0':
    optional: true

  '@oxlint/binding-linux-arm64-gnu@1.68.0':
    optional: true

  '@oxlint/binding-linux-arm64-musl@1.68.0':
    optional: true

  '@oxlint/binding-linux-ppc64-gnu@1.68.0':
    optional: true

  '@oxlint/binding-linux-riscv64-gnu@1.68.0':
    optional: true

  '@oxlint/binding-linux-riscv64-musl@1.68.0':
    optional: true

  '@oxlint/binding-linux-s390x-gnu@1.68.0':
    optional: true

  '@oxlint/binding-linux-x64-gnu@1.68.0':
    optional: true

  '@oxlint/binding-linux-x64-musl@1.68.0':
    optional: true

  '@oxlint/binding-openharmony-arm64@1.68.0':
    optional: true

  '@oxlint/binding-win32-arm64-msvc@1.68.0':
    optional: true

  '@oxlint/binding-win32-ia32-msvc@1.68.0':
    optional: true

  '@oxlint/binding-win32-x64-msvc@1.68.0':
    optional: true

  '@popperjs/core@2.11.8': {}

  '@react-aria/ssr@3.10.0(react-dom@19.2.7(react@19.2.7))(react@19.2.7)':
    dependencies:
      '@swc/helpers': 0.5.21
      react: 19.2.7
      react-aria: 3.48.0(react-dom@19.2.7(react@19.2.7))(react@19.2.7)
      react-dom: 19.2.7(react@19.2.7)

  '@react-types/shared@3.34.0(react@19.2.7)':
    dependencies:
      react: 19.2.7

  '@restart/hooks@0.4.16(react@19.2.7)':
    dependencies:
      dequal: 2.0.3
      react: 19.2.7

  '@restart/hooks@0.5.1(react@19.2.7)':
    dependencies:
      dequal: 2.0.3
      react: 19.2.7

  '@restart/ui@1.9.4(react-dom@19.2.7(react@19.2.7))(react@19.2.7)':
    dependencies:
      '@babel/runtime': 7.29.2
      '@popperjs/core': 2.11.8
      '@react-aria/ssr': 3.10.0(react-dom@19.2.7(react@19.2.7))(react@19.2.7)
      '@restart/hooks': 0.5.1(react@19.2.7)
      '@types/warning': 3.0.4
      dequal: 2.0.3
      dom-helpers: 5.2.1
      react: 19.2.7
      react-dom: 19.2.7(react@19.2.7)
      uncontrollable: 8.0.4(react@19.2.7)
      warning: 4.0.3

  '@rolldown/binding-android-arm64@1.0.3':
    optional: true

  '@rolldown/binding-darwin-arm64@1.0.3':
    optional: true

  '@rolldown/binding-darwin-x64@1.0.3':
    optional: true

  '@rolldown/binding-freebsd-x64@1.0.3':
    optional: true

  '@rolldown/binding-linux-arm-gnueabihf@1.0.3':
    optional: true

  '@rolldown/binding-linux-arm64-gnu@1.0.3':
    optional: true

  '@rolldown/binding-linux-arm64-musl@1.0.3':
    optional: true

  '@rolldown/binding-linux-ppc64-gnu@1.0.3':
    optional: true

  '@rolldown/binding-linux-s390x-gnu@1.0.3':
    optional: true

  '@rolldown/binding-linux-x64-gnu@1.0.3':
    optional: true

  '@rolldown/binding-linux-x64-musl@1.0.3':
    optional: true

  '@rolldown/binding-openharmony-arm64@1.0.3':
    optional: true

  '@rolldown/binding-wasm32-wasi@1.0.3':
    dependencies:
      '@emnapi/core': 1.10.0
      '@emnapi/runtime': 1.10.0
      '@napi-rs/wasm-runtime': 1.1.4(@emnapi/core@1.10.0)(@emnapi/runtime@1.10.0)
    optional: true

  '@rolldown/binding-win32-arm64-msvc@1.0.3':
    optional: true

  '@rolldown/binding-win32-x64-msvc@1.0.3':
    optional: true

  '@rolldown/pluginutils@1.0.1': {}

  '@spotify/web-api-ts-sdk@1.2.0': {}

  '@swc/helpers@0.5.21':
    dependencies:
      tslib: 2.8.1

  '@tybys/wasm-util@0.10.2':
    dependencies:
      tslib: 2.8.1
    optional: true

  '@types/confusing-browser-globals@1.0.3': {}

  '@types/file-saver@2.0.7': {}

  '@types/lodash@4.17.24': {}

  '@types/react-bootstrap@0.32.37':
    dependencies:
      '@types/react': 19.2.17

  '@types/react-dom@19.2.3(@types/react@19.2.17)':
    dependencies:
      '@types/react': 19.2.17

  '@types/react-transition-group@4.4.12(@types/react@19.2.17)':
    dependencies:
      '@types/react': 19.2.17

  '@types/react@19.2.17':
    dependencies:
      csstype: 3.2.3

  '@types/warning@3.0.4': {}

  '@vitejs/plugin-react@6.0.2(vite@8.0.16)':
    dependencies:
      '@rolldown/pluginutils': 1.0.1
      vite: 8.0.16

  aria-hidden@1.2.6:
    dependencies:
      tslib: 2.8.1

  bootstrap@5.3.1(@popperjs/core@2.11.8):
    dependencies:
      '@popperjs/core': 2.11.8

  classnames@2.5.1: {}

  clsx@2.1.1: {}

  confusing-browser-globals@1.0.11: {}

  csstype@3.2.3: {}

  dequal@2.0.3: {}

  detect-libc@2.1.2: {}

  dom-helpers@5.2.1:
    dependencies:
      '@babel/runtime': 7.29.2
      csstype: 3.2.3

  fdir@6.5.0(picomatch@4.0.4):
    optionalDependencies:
      picomatch: 4.0.4

  file-saver@2.0.5: {}

  fsevents@2.3.3:
    optional: true

  invariant@2.2.4:
    dependencies:
      loose-envify: 1.4.0

  js-tokens@4.0.0: {}

  lightningcss-android-arm64@1.32.0:
    optional: true

  lightningcss-darwin-arm64@1.32.0:
    optional: true

  lightningcss-darwin-x64@1.32.0:
    optional: true

  lightningcss-freebsd-x64@1.32.0:
    optional: true

  lightningcss-linux-arm-gnueabihf@1.32.0:
    optional: true

  lightningcss-linux-arm64-gnu@1.32.0:
    optional: true

  lightningcss-linux-arm64-musl@1.32.0:
    optional: true

  lightningcss-linux-x64-gnu@1.32.0:
    optional: true

  lightningcss-linux-x64-musl@1.32.0:
    optional: true

  lightningcss-win32-arm64-msvc@1.32.0:
    optional: true

  lightningcss-win32-x64-msvc@1.32.0:
    optional: true

  lightningcss@1.32.0:
    dependencies:
      detect-libc: 2.1.2
    optionalDependencies:
      lightningcss-android-arm64: 1.32.0
      lightningcss-darwin-arm64: 1.32.0
      lightningcss-darwin-x64: 1.32.0
      lightningcss-freebsd-x64: 1.32.0
      lightningcss-linux-arm-gnueabihf: 1.32.0
      lightningcss-linux-arm64-gnu: 1.32.0
      lightningcss-linux-arm64-musl: 1.32.0
      lightningcss-linux-x64-gnu: 1.32.0
      lightningcss-linux-x64-musl: 1.32.0
      lightningcss-win32-arm64-msvc: 1.32.0
      lightningcss-win32-x64-msvc: 1.32.0

  lodash@4.18.1: {}

  loose-envify@1.4.0:
    dependencies:
      js-tokens: 4.0.0

  nanoid@3.3.12: {}

  object-assign@4.1.1: {}

  oxfmt@0.53.0:
    dependencies:
      tinypool: 2.1.0
    optionalDependencies:
      '@oxfmt/binding-android-arm-eabi': 0.53.0
      '@oxfmt/binding-android-arm64': 0.53.0
      '@oxfmt/binding-darwin-arm64': 0.53.0
      '@oxfmt/binding-darwin-x64': 0.53.0
      '@oxfmt/binding-freebsd-x64': 0.53.0
      '@oxfmt/binding-linux-arm-gnueabihf': 0.53.0
      '@oxfmt/binding-linux-arm-musleabihf': 0.53.0
      '@oxfmt/binding-linux-arm64-gnu': 0.53.0
      '@oxfmt/binding-linux-arm64-musl': 0.53.0
      '@oxfmt/binding-linux-ppc64-gnu': 0.53.0
      '@oxfmt/binding-linux-riscv64-gnu': 0.53.0
      '@oxfmt/binding-linux-riscv64-musl': 0.53.0
      '@oxfmt/binding-linux-s390x-gnu': 0.53.0
      '@oxfmt/binding-linux-x64-gnu': 0.53.0
      '@oxfmt/binding-linux-x64-musl': 0.53.0
      '@oxfmt/binding-openharmony-arm64': 0.53.0
      '@oxfmt/binding-win32-arm64-msvc': 0.53.0
      '@oxfmt/binding-win32-ia32-msvc': 0.53.0
      '@oxfmt/binding-win32-x64-msvc': 0.53.0

  oxlint-tsgolint@0.23.0:
    optionalDependencies:
      '@oxlint-tsgolint/darwin-arm64': 0.23.0
      '@oxlint-tsgolint/darwin-x64': 0.23.0
      '@oxlint-tsgolint/linux-arm64': 0.23.0
      '@oxlint-tsgolint/linux-x64': 0.23.0
      '@oxlint-tsgolint/win32-arm64': 0.23.0
      '@oxlint-tsgolint/win32-x64': 0.23.0

  oxlint@1.68.0(oxlint-tsgolint@0.23.0):
    optionalDependencies:
      '@oxlint/binding-android-arm-eabi': 1.68.0
      '@oxlint/binding-android-arm64': 1.68.0
      '@oxlint/binding-darwin-arm64': 1.68.0
      '@oxlint/binding-darwin-x64': 1.68.0
      '@oxlint/binding-freebsd-x64': 1.68.0
      '@oxlint/binding-linux-arm-gnueabihf': 1.68.0
      '@oxlint/binding-linux-arm-musleabihf': 1.68.0
      '@oxlint/binding-linux-arm64-gnu': 1.68.0
      '@oxlint/binding-linux-arm64-musl': 1.68.0
      '@oxlint/binding-linux-ppc64-gnu': 1.68.0
      '@oxlint/binding-linux-riscv64-gnu': 1.68.0
      '@oxlint/binding-linux-riscv64-musl': 1.68.0
      '@oxlint/binding-linux-s390x-gnu': 1.68.0
      '@oxlint/binding-linux-x64-gnu': 1.68.0
      '@oxlint/binding-linux-x64-musl': 1.68.0
      '@oxlint/binding-openharmony-arm64': 1.68.0
      '@oxlint/binding-win32-arm64-msvc': 1.68.0
      '@oxlint/binding-win32-ia32-msvc': 1.68.0
      '@oxlint/binding-win32-x64-msvc': 1.68.0
      oxlint-tsgolint: 0.23.0

  picocolors@1.1.1: {}

  picomatch@4.0.4: {}

  postcss@8.5.15:
    dependencies:
      nanoid: 3.3.12
      picocolors: 1.1.1
      source-map-js: 1.2.1

  prop-types-extra@1.1.1(react@19.2.7):
    dependencies:
      react: 19.2.7
      react-is: 16.13.1
      warning: 4.0.3

  prop-types@15.8.1:
    dependencies:
      loose-envify: 1.4.0
      object-assign: 4.1.1
      react-is: 16.13.1

  react-aria@3.48.0(react-dom@19.2.7(react@19.2.7))(react@19.2.7):
    dependencies:
      '@internationalized/date': 3.12.1
      '@internationalized/number': 3.6.6
      '@internationalized/string': 3.2.8
      '@react-types/shared': 3.34.0(react@19.2.7)
      '@swc/helpers': 0.5.21
      aria-hidden: 1.2.6
      clsx: 2.1.1
      react: 19.2.7
      react-dom: 19.2.7(react@19.2.7)
      react-stately: 3.46.0(react@19.2.7)
      use-sync-external-store: 1.6.0(react@19.2.7)

  react-bootstrap@2.8.0(@types/react@19.2.17)(react-dom@19.2.7(react@19.2.7))(react@19.2.7):
    dependencies:
      '@babel/runtime': 7.29.2
      '@restart/hooks': 0.4.16(react@19.2.7)
      '@restart/ui': 1.9.4(react-dom@19.2.7(react@19.2.7))(react@19.2.7)
      '@types/react-transition-group': 4.4.12(@types/react@19.2.17)
      classnames: 2.5.1
      dom-helpers: 5.2.1
      invariant: 2.2.4
      prop-types: 15.8.1
      prop-types-extra: 1.1.1(react@19.2.7)
      react: 19.2.7
      react-dom: 19.2.7(react@19.2.7)
      react-transition-group: 4.4.5(react-dom@19.2.7(react@19.2.7))(react@19.2.7)
      uncontrollable: 7.2.1(react@19.2.7)
      warning: 4.0.3
    optionalDependencies:
      '@types/react': 19.2.17

  react-dom@19.2.7(react@19.2.7):
    dependencies:
      react: 19.2.7
      scheduler: 0.27.0

  react-is@16.13.1: {}

  react-lifecycles-compat@3.0.4: {}

  react-stately@3.46.0(react@19.2.7):
    dependencies:
      '@internationalized/date': 3.12.1
      '@internationalized/number': 3.6.6
      '@internationalized/string': 3.2.8
      '@react-types/shared': 3.34.0(react@19.2.7)
      '@swc/helpers': 0.5.21
      react: 19.2.7
      use-sync-external-store: 1.6.0(react@19.2.7)

  react-toastify@11.1.0(react-dom@19.2.7(react@19.2.7))(react@19.2.7):
    dependencies:
      clsx: 2.1.1
      react: 19.2.7
      react-dom: 19.2.7(react@19.2.7)

  react-transition-group@4.4.5(react-dom@19.2.7(react@19.2.7))(react@19.2.7):
    dependencies:
      '@babel/runtime': 7.29.2
      dom-helpers: 5.2.1
      loose-envify: 1.4.0
      prop-types: 15.8.1
      react: 19.2.7
      react-dom: 19.2.7(react@19.2.7)

  react@19.2.7: {}

  rolldown@1.0.3:
    dependencies:
      '@oxc-project/types': 0.133.0
      '@rolldown/pluginutils': 1.0.1
    optionalDependencies:
      '@rolldown/binding-android-arm64': 1.0.3
      '@rolldown/binding-darwin-arm64': 1.0.3
      '@rolldown/binding-darwin-x64': 1.0.3
      '@rolldown/binding-freebsd-x64': 1.0.3
      '@rolldown/binding-linux-arm-gnueabihf': 1.0.3
      '@rolldown/binding-linux-arm64-gnu': 1.0.3
      '@rolldown/binding-linux-arm64-musl': 1.0.3
      '@rolldown/binding-linux-ppc64-gnu': 1.0.3
      '@rolldown/binding-linux-s390x-gnu': 1.0.3
      '@rolldown/binding-linux-x64-gnu': 1.0.3
      '@rolldown/binding-linux-x64-musl': 1.0.3
      '@rolldown/binding-openharmony-arm64': 1.0.3
      '@rolldown/binding-wasm32-wasi': 1.0.3
      '@rolldown/binding-win32-arm64-msvc': 1.0.3
      '@rolldown/binding-win32-x64-msvc': 1.0.3

  scheduler@0.27.0: {}

  source-map-js@1.2.1: {}

  tinyglobby@0.2.17:
    dependencies:
      fdir: 6.5.0(picomatch@4.0.4)
      picomatch: 4.0.4

  tinypool@2.1.0: {}

  tslib@2.8.1: {}

  uncontrollable@7.2.1(react@19.2.7):
    dependencies:
      '@babel/runtime': 7.29.2
      '@types/react': 19.2.17
      invariant: 2.2.4
      react: 19.2.7
      react-lifecycles-compat: 3.0.4

  uncontrollable@8.0.4(react@19.2.7):
    dependencies:
      react: 19.2.7

  use-sync-external-store@1.6.0(react@19.2.7):
    dependencies:
      react: 19.2.7

  vite@8.0.16:
    dependencies:
      lightningcss: 1.32.0
      picomatch: 4.0.4
      postcss: 8.5.15
      rolldown: 1.0.3
      tinyglobby: 0.2.17
    optionalDependencies:
      fsevents: 2.3.3

  warning@4.0.3:
    dependencies:
      loose-envify: 1.4.0
